
Microsoft Visual Studio Solution File, Format Version 12.00
# Visual Studio 15
VisualStudioVersion = 15.0.28307.1259
MinimumVisualStudioVersion = 10.0.40219.1
Project("{FAE04EC0-301F-11D3-BF4B-00C04F79EFBC}") = "demo", "demo\demo.csproj", "{D5FBC3A7-4DCD-45CB-8AB9-60416F038541}"
EndProject
Global
	GlobalSection(SolutionConfigurationPlatforms) = preSolution
		Debug|Any CPU = Debug|Any CPU
		Release|Any CPU = Release|Any CPU
	EndGlobalSection
	GlobalSection(ProjectConfigurationPlatforms) = postSolution
		{D5FBC3A7-4DCD-45CB-8AB9-60416F038541}.Debug|Any CPU.ActiveCfg = Debug|Any CPU
		{D5FBC3A7-4DCD-45CB-8AB9-60416F038541}.Debug|Any CPU.Build.0 = Debug|Any CPU
		{D5FBC3A7-4DCD-45CB-8AB9-60416F038541}.Release|Any CPU.ActiveCfg = Release|Any CPU
		{D5FBC3A7-4DCD-45CB-8AB9-60416F038541}.Release|Any CPU.Build.0 = Release|Any CPU
	EndGlobalSection
	GlobalSection(SolutionProperties) = preSolution
		HideSolutionNode = FALSE
	EndGlobalSection
	GlobalSection(ExtensibilityGlobals) = postSolution
		SolutionGuid = {F0F5E04E-3551-495A-8C0C-C1B9640893A9}
	EndGlobalSection
EndGlobal
